dependencies:
- name: common
  repository: https://charts.bitnami.com/bitnami
  version: 1.8.0
- name: postgresql
  repository: https://charts.bitnami.com/bitnami
  version: 10.9.4
- name: redis
  repository: https://charts.bitnami.com/bitnami
  version: 15.2.0
digest: sha256:05365cdc523caeb33e0771ea73f7d154066273db1694f461dc12adf4cdb49113
generated: "2021-08-31T18:51:40.216781-07:00"
