dependencies:
- name: redis
  repository: https://charts.bitnami.com/bitnami
  version: 16.9.4
- name: postgresql
  repository: https://charts.bitnami.com/bitnami
  version: 11.2.1
- name: common
  repository: https://charts.bitnami.com/bitnami
  version: 1.14.0
digest: sha256:0007a1c4ee40f5df1d1959d8ea539ba6e95481201217145973dd377c1947b886
generated: "2022-05-13T20:17:35.642835-07:00"
