dependencies:
- name: mongodb
  repository: https://kubernetes-charts.storage.googleapis.com
  version: '>= 0'
- name: postgresql
  repository: https://kubernetes-charts.storage.googleapis.com
  version: '>= 0'
digest: sha256:686965db3317114ec297263e46c18e395c46255c1b4cf8ee11ef1f071b9139a7
generated: "2020-02-20T15:14:59.852312+01:00"
