# Generated by buf. DO NOT EDIT.
version: v1
deps:
  - remote: buf.build
    owner: googleapis
    repository: googleapis
    commit: 28151c0d0a1641bf938a7672c500e01d
    digest: shake256:49215edf8ef57f7863004539deff8834cfb2195113f0b890dd1f67815d9353e28e668019165b9d872395871eeafcbab3ccfdb2b5f11734d3cca95be9e8d139de
  - remote: buf.build
    owner: grpc-ecosystem
    repository: grpc-gateway
    commit: f460f71081c14a80b66cc72526e0b322
    digest: shake256:122def85e91fc3ef4ab351680060b8f70e9d09a7ae6d1412aeb2bddfeee5c4d3fc8819da33fef56192cec0a817ac0c3e6d49bb2acf02eb5c9e9131739a60ddfc
