# Generated by buf. DO NOT EDIT.
version: v1
deps:
  - remote: buf.build
    owner: googleapis
    repository: googleapis
    commit: 2bbd25900cb34c79bae97d85c948d3cf
    digest: shake256:a6446e23f4408160217c22738a0c8c370ff3ff966f601d678960b803829cf53b5cf5998d20fcb3f9c9be944b24337843e7beb6e681ddbf9d036fb6491c0e47e7
  - remote: buf.build
    owner: grpc-ecosystem
    repository: grpc-gateway
    commit: a48fcebcf8f140dd9d09359b9bb185a4
    digest: shake256:a926173f0ec3e1a929462c350acda846e546134b5ce2bb83fe44f02f9330a42b1c9b292f64b951b06a4d2c47e2ce4d477d6a2cb31502a15637ada35ecedefcf6
